
Microsoft Visual Studio Solution File, Format Version 12.00
# Visual Studio Version 17
VisualStudioVersion = 17.8.34322.80
MinimumVisualStudioVersion = 10.0.40219.1
Project("{FAE04EC0-301F-11D3-BF4B-00C04F79EFBC}") = "pf project testing", "pf project testing\pf project testing.csproj", "{4241A45A-6310-4AF1-BCAF-4A09E9DFDBB1}"
EndProject
Global
	GlobalSection(SolutionConfigurationPlatforms) = preSolution
		Debug|Any CPU = Debug|Any CPU
		Release|Any CPU = Release|Any CPU
	EndGlobalSection
	GlobalSection(ProjectConfigurationPlatforms) = postSolution
		{4241A45A-6310-4AF1-BCAF-4A09E9DFDBB1}.Debug|Any CPU.ActiveCfg = Debug|Any CPU
		{4241A45A-6310-4AF1-BCAF-4A09E9DFDBB1}.Debug|Any CPU.Build.0 = Debug|Any CPU
		{4241A45A-6310-4AF1-BCAF-4A09E9DFDBB1}.Release|Any CPU.ActiveCfg = Release|Any CPU
		{4241A45A-6310-4AF1-BCAF-4A09E9DFDBB1}.Release|Any CPU.Build.0 = Release|Any CPU
	EndGlobalSection
	GlobalSection(SolutionProperties) = preSolution
		HideSolutionNode = FALSE
	EndGlobalSection
	GlobalSection(ExtensibilityGlobals) = postSolution
		SolutionGuid = {0619B093-F8BB-4DA9-BBDE-E6A482DA4AE1}
	EndGlobalSection
EndGlobal
